
Microsoft Visual Studio Solution File, Format Version 12.00
# Visual Studio Version 16
VisualStudioVersion = 16.0.31729.503
MinimumVisualStudioVersion = 10.0.40219.1
Project("{FAE04EC0-301F-11D3-BF4B-00C04F79EFBC}") = "ADClock", "ADClock.csproj", "{079B4310-7AF4-4CE9-A38B-EF0C8980C02B}"
EndProject
Global
	GlobalSection(SolutionConfigurationPlatforms) = preSolution
		Debug|Any CPU = Debug|Any CPU
		Release|Any CPU = Release|Any CPU
	EndGlobalSection
	GlobalSection(ProjectConfigurationPlatforms) = postSolution
		{079B4310-7AF4-4CE9-A38B-EF0C8980C02B}.Debug|Any CPU.ActiveCfg = Debug|Any CPU
		{079B4310-7AF4-4CE9-A38B-EF0C8980C02B}.Debug|Any CPU.Build.0 = Debug|Any CPU
		{079B4310-7AF4-4CE9-A38B-EF0C8980C02B}.Release|Any CPU.ActiveCfg = Release|Any CPU
		{079B4310-7AF4-4CE9-A38B-EF0C8980C02B}.Release|Any CPU.Build.0 = Release|Any CPU
	EndGlobalSection
	GlobalSection(SolutionProperties) = preSolution
		HideSolutionNode = FALSE
	EndGlobalSection
	GlobalSection(ExtensibilityGlobals) = postSolution
		SolutionGuid = {27D7B8A2-1D10-4157-881F-A68386952365}
	EndGlobalSection
EndGlobal
